
Microsoft Visual Studio Solution File, Format Version 12.00
# Visual Studio Version 17
VisualStudioVersion = 17.8.34525.116
MinimumVisualStudioVersion = 10.0.40219.1
Project("{FAE04EC0-301F-11D3-BF4B-00C04F79EFBC}") = "uri1011", "uri1011\uri1011.csproj", "{739321A4-E598-4FBE-954D-B72A9E570A77}"
EndProject
Global
	GlobalSection(SolutionConfigurationPlatforms) = preSolution
		Debug|Any CPU = Debug|Any CPU
		Release|Any CPU = Release|Any CPU
	EndGlobalSection
	GlobalSection(ProjectConfigurationPlatforms) = postSolution
		{739321A4-E598-4FBE-954D-B72A9E570A77}.Debug|Any CPU.ActiveCfg = Debug|Any CPU
		{739321A4-E598-4FBE-954D-B72A9E570A77}.Debug|Any CPU.Build.0 = Debug|Any CPU
		{739321A4-E598-4FBE-954D-B72A9E570A77}.Release|Any CPU.ActiveCfg = Release|Any CPU
		{739321A4-E598-4FBE-954D-B72A9E570A77}.Release|Any CPU.Build.0 = Release|Any CPU
	EndGlobalSection
	GlobalSection(SolutionProperties) = preSolution
		HideSolutionNode = FALSE
	EndGlobalSection
	GlobalSection(ExtensibilityGlobals) = postSolution
		SolutionGuid = {6A0CFC7A-DE13-4395-8414-2C1912AE6FD6}
	EndGlobalSection
EndGlobal
